
Microsoft Visual Studio Solution File, Format Version 12.00
# Visual Studio Version 16
VisualStudioVersion = 16.0.31515.178
MinimumVisualStudioVersion = 10.0.40219.1
Project("{FAE04EC0-301F-11D3-BF4B-00C04F79EFBC}") = "save-pokemon", "save-pokemon\save-pokemon.csproj", "{8ABC560F-302C-4E41-AC0A-36CF3BBF6F7D}"
EndProject
Global
	GlobalSection(SolutionConfigurationPlatforms) = preSolution
		Debug|Any CPU = Debug|Any CPU
		Release|Any CPU = Release|Any CPU
	EndGlobalSection
	GlobalSection(ProjectConfigurationPlatforms) = postSolution
		{8ABC560F-302C-4E41-AC0A-36CF3BBF6F7D}.Debug|Any CPU.ActiveCfg = Debug|Any CPU
		{8ABC560F-302C-4E41-AC0A-36CF3BBF6F7D}.Debug|Any CPU.Build.0 = Debug|Any CPU
		{8ABC560F-302C-4E41-AC0A-36CF3BBF6F7D}.Release|Any CPU.ActiveCfg = Release|Any CPU
		{8ABC560F-302C-4E41-AC0A-36CF3BBF6F7D}.Release|Any CPU.Build.0 = Release|Any CPU
	EndGlobalSection
	GlobalSection(SolutionProperties) = preSolution
		HideSolutionNode = FALSE
	EndGlobalSection
	GlobalSection(ExtensibilityGlobals) = postSolution
		SolutionGuid = {4769AD6D-97BE-451C-852A-67858D931CCF}
	EndGlobalSection
EndGlobal
